PODS:
  - Alamofire (4.9.0)
  - AlamofireImage (3.5.2):
    - Alamofire (~> 4.8)
  - Kingfisher (5.8.3):
    - Kingfisher/Core (= 5.8.3)
  - Kingfisher/Core (5.8.3)
  - PromiseKit/Alamofire (6.11.0):
    - Alamofire (~> 4.0)
    - PromiseKit/CorePromise
  - PromiseKit/CorePromise (6.11.0)
  - SwiftyJSON (5.0.0)

DEPENDENCIES:
  - Alamofire
  - AlamofireImage
  - Kingfisher (~> 5.0)
  - PromiseKit/Alamofire (~> 6.0)
  - SwiftyJSON

SPEC REPOS:
  https://github.com/CocoaPods/Specs.git:
    - Alamofire
    - AlamofireImage
    - Kingfisher
    - PromiseKit
    - SwiftyJSON

SPEC CHECKSUMS:
  Alamofire: afc3e7c6db61476cb45cdd23fed06bad03bbc321
  AlamofireImage: 63cfe3baf1370be6c498149687cf6db3e3b00999
  Kingfisher: b7e4cb65ff24c264bd2a1284b75b974d907afd94
  PromiseKit: e4863d06976e7dee5e41c04fc7371c16b3600292
  SwiftyJSON: 36413e04c44ee145039d332b4f4e2d3e8d6c4db7

PODFILE CHECKSUM: 79a072e8e725c9973987c4a930fb90790e45f0d5

COCOAPODS: 1.8.4
